
Microsoft Visual Studio Solution File, Format Version 12.00
# Visual Studio 15
VisualStudioVersion = 15.0.27130.2010
MinimumVisualStudioVersion = 10.0.40219.1
Project("{FAE04EC0-301F-11D3-BF4B-00C04F79EFBC}") = "App1", "App1\App1.csproj", "{73F81E4D-F26B-456C-9369-215D6D175F5D}"
EndProject
Global
	GlobalSection(SolutionConfigurationPlatforms) = preSolution
		Debug|ARM = Debug|ARM
		Debug|x64 = Debug|x64
		Debug|x86 = Debug|x86
		Release|ARM = Release|ARM
		Release|x64 = Release|x64
		Release|x86 = Release|x86
	EndGlobalSection
	GlobalSection(ProjectConfigurationPlatforms) = postSolution
		{73F81E4D-F26B-456C-9369-215D6D175F5D}.Debug|ARM.ActiveCfg = Debug|ARM
		{73F81E4D-F26B-456C-9369-215D6D175F5D}.Debug|ARM.Build.0 = Debug|ARM
		{73F81E4D-F26B-456C-9369-215D6D175F5D}.Debug|ARM.Deploy.0 = Debug|ARM
		{73F81E4D-F26B-456C-9369-215D6D175F5D}.Debug|x64.ActiveCfg = Debug|x64
		{73F81E4D-F26B-456C-9369-215D6D175F5D}.Debug|x64.Build.0 = Debug|x64
		{73F81E4D-F26B-456C-9369-215D6D175F5D}.Debug|x64.Deploy.0 = Debug|x64
		{73F81E4D-F26B-456C-9369-215D6D175F5D}.Debug|x86.ActiveCfg = Debug|x86
		{73F81E4D-F26B-456C-9369-215D6D175F5D}.Debug|x86.Build.0 = Debug|x86
		{73F81E4D-F26B-456C-9369-215D6D175F5D}.Debug|x86.Deploy.0 = Debug|x86
		{73F81E4D-F26B-456C-9369-215D6D175F5D}.Release|ARM.ActiveCfg = Release|ARM
		{73F81E4D-F26B-456C-9369-215D6D175F5D}.Release|ARM.Build.0 = Release|ARM
		{73F81E4D-F26B-456C-9369-215D6D175F5D}.Release|ARM.Deploy.0 = Release|ARM
		{73F81E4D-F26B-456C-9369-215D6D175F5D}.Release|x64.ActiveCfg = Release|x64
		{73F81E4D-F26B-456C-9369-215D6D175F5D}.Release|x64.Build.0 = Release|x64
		{73F81E4D-F26B-456C-9369-215D6D175F5D}.Release|x64.Deploy.0 = Release|x64
		{73F81E4D-F26B-456C-9369-215D6D175F5D}.Release|x86.ActiveCfg = Release|x86
		{73F81E4D-F26B-456C-9369-215D6D175F5D}.Release|x86.Build.0 = Release|x86
		{73F81E4D-F26B-456C-9369-215D6D175F5D}.Release|x86.Deploy.0 = Release|x86
	EndGlobalSection
	GlobalSection(SolutionProperties) = preSolution
		HideSolutionNode = FALSE
	EndGlobalSection
	GlobalSection(ExtensibilityGlobals) = postSolution
		SolutionGuid = {F1689EAF-99DD-4CCB-A19C-5387D9B74839}
	EndGlobalSection
EndGlobal
